
Microsoft Visual Studio Solution File, Format Version 12.00
# Visual Studio Version 17
VisualStudioVersion = 17.11.35327.3
MinimumVisualStudioVersion = 10.0.40219.1
Project("{FAE04EC0-301F-11D3-BF4B-00C04F79EFBC}") = "OOP04", "OOP04\OOP04.csproj", "{FD9FAF10-6140-44C4-894A-A6118FAF5F44}"
EndProject
Global
	GlobalSection(SolutionConfigurationPlatforms) = preSolution
		Debug|Any CPU = Debug|Any CPU
		Release|Any CPU = Release|Any CPU
	EndGlobalSection
	GlobalSection(ProjectConfigurationPlatforms) = postSolution
		{FD9FAF10-6140-44C4-894A-A6118FAF5F44}.Debug|Any CPU.ActiveCfg = Debug|Any CPU
		{FD9FAF10-6140-44C4-894A-A6118FAF5F44}.Debug|Any CPU.Build.0 = Debug|Any CPU
		{FD9FAF10-6140-44C4-894A-A6118FAF5F44}.Release|Any CPU.ActiveCfg = Release|Any CPU
		{FD9FAF10-6140-44C4-894A-A6118FAF5F44}.Release|Any CPU.Build.0 = Release|Any CPU
	EndGlobalSection
	GlobalSection(SolutionProperties) = preSolution
		HideSolutionNode = FALSE
	EndGlobalSection
	GlobalSection(ExtensibilityGlobals) = postSolution
		SolutionGuid = {91DAD6CA-6CEF-4178-A3C2-7D9A2A42A22E}
	EndGlobalSection
EndGlobal
